
Microsoft Visual Studio Solution File, Format Version 12.00
# Visual Studio Version 17
VisualStudioVersion = 17.8.34309.116
MinimumVisualStudioVersion = 10.0.40219.1
Project("{FAE04EC0-301F-11D3-BF4B-00C04F79EFBC}") = "QRGenerator", "QRGenerator\QRGenerator.csproj", "{7DEE0230-E3D8-4D59-A1B8-A5FC1A7A8894}"
EndProject
Global
	GlobalSection(SolutionConfigurationPlatforms) = preSolution
		Debug|Any CPU = Debug|Any CPU
		Release|Any CPU = Release|Any CPU
	EndGlobalSection
	GlobalSection(ProjectConfigurationPlatforms) = postSolution
		{7DEE0230-E3D8-4D59-A1B8-A5FC1A7A8894}.Debug|Any CPU.ActiveCfg = Debug|Any CPU
		{7DEE0230-E3D8-4D59-A1B8-A5FC1A7A8894}.Debug|Any CPU.Build.0 = Debug|Any CPU
		{7DEE0230-E3D8-4D59-A1B8-A5FC1A7A8894}.Release|Any CPU.ActiveCfg = Release|Any CPU
		{7DEE0230-E3D8-4D59-A1B8-A5FC1A7A8894}.Release|Any CPU.Build.0 = Release|Any CPU
	EndGlobalSection
	GlobalSection(SolutionProperties) = preSolution
		HideSolutionNode = FALSE
	EndGlobalSection
	GlobalSection(ExtensibilityGlobals) = postSolution
		SolutionGuid = {8E2DE2E6-92DA-4BE6-95EF-9523C8DE7AD8}
	EndGlobalSection
EndGlobal
